
Microsoft Visual Studio Solution File, Format Version 12.00
# Visual Studio Version 17
VisualStudioVersion = 17.3.32901.215
MinimumVisualStudioVersion = 10.0.40219.1
Project("{FAE04EC0-301F-11D3-BF4B-00C04F79EFBC}") = "16.1", "16.1\16.1.csproj", "{12B99C99-5FB8-4C24-836A-CCB09E2A37AF}"
EndProject
Global
	GlobalSection(SolutionConfigurationPlatforms) = preSolution
		Debug|Any CPU = Debug|Any CPU
		Release|Any CPU = Release|Any CPU
	EndGlobalSection
	GlobalSection(ProjectConfigurationPlatforms) = postSolution
		{12B99C99-5FB8-4C24-836A-CCB09E2A37AF}.Debug|Any CPU.ActiveCfg = Debug|Any CPU
		{12B99C99-5FB8-4C24-836A-CCB09E2A37AF}.Debug|Any CPU.Build.0 = Debug|Any CPU
		{12B99C99-5FB8-4C24-836A-CCB09E2A37AF}.Release|Any CPU.ActiveCfg = Release|Any CPU
		{12B99C99-5FB8-4C24-836A-CCB09E2A37AF}.Release|Any CPU.Build.0 = Release|Any CPU
	EndGlobalSection
	GlobalSection(SolutionProperties) = preSolution
		HideSolutionNode = FALSE
	EndGlobalSection
	GlobalSection(ExtensibilityGlobals) = postSolution
		SolutionGuid = {A5C5084C-C2B5-4F8C-B3B9-07B1488F8AF6}
	EndGlobalSection
EndGlobal
